{
  "name": "noam-test",
  "version": "1.0.0",
  "lockfileVersion": 1,
  "requires": true,
  "dependencies": {
    "abort-controller": {
      "version": "3.0.0",
      "resolved": "https://repo.dev.wixpress.com/artifactory/api/npm/npm-repos/abort-controller/-/abort-controller-3.0.0.tgz",
      "integrity": "sha1-6vVNU7YrrkE46AnKIlyEOabvs5I=",
      "requires": {
        "event-target-shim": "^5.0.0"
      }
    },
    "agent-base": {
      "version": "6.0.2",
      "resolved": "https://repo.dev.wixpress.com/artifactory/api/npm/npm-repos/agent-base/-/agent-base-6.0.2.tgz",
      "integrity": "sha1-Sf/1hXfP7j83F2/qtMIuAPhtf3c=",
      "requires": {
        "debug": "4"
      }
    },
    "arrify": {
      "version": "2.0.1",
      "resolved": "https://repo.dev.wixpress.com/artifactory/api/npm/npm-repos/arrify/-/arrify-2.0.1.tgz",
      "integrity": "sha1-yWVekzHgq81YjSp8rX6ZVvZnAfo="
    },
    "base64-js": {
      "version": "1.5.1",
      "resolved": "https://repo.dev.wixpress.com/artifactory/api/npm/npm-repos/base64-js/-/base64-js-1.5.1.tgz",
      "integrity": "sha1-GxtEAWClv3rUC2UPCVljSBkDkwo="
    },
    "bignumber.js": {
      "version": "9.0.1",
      "resolved": "https://repo.dev.wixpress.com/artifactory/api/npm/npm-repos/bignumber.js/-/bignumber.js-9.0.1.tgz",
      "integrity": "sha1-jXuhJMiCv9jkMmDGdHVRjQaJ5OU="
    },
    "buffer-equal-constant-time": {
      "version": "1.0.1",
      "resolved": "https://repo.dev.wixpress.com/artifactory/api/npm/npm-repos/buffer-equal-constant-time/-/buffer-equal-constant-time-1.0.1.tgz",
      "integrity": "sha1-+OcRMvf/5uAaXJaXpMbz5I1cyBk="
    },
    "debug": {
      "version": "4.3.1",
      "resolved": "https://repo.dev.wixpress.com/artifactory/api/npm/npm-repos/debug/-/debug-4.3.1.tgz",
      "integrity": "sha1-8NIpxQXgxtjEmsVT0bE9wYP2su4=",
      "requires": {
        "ms": "2.1.2"
      }
    },
    "ecdsa-sig-formatter": {
      "version": "1.0.11",
      "resolved": "https://repo.dev.wixpress.com/artifactory/api/npm/npm-repos/ecdsa-sig-formatter/-/ecdsa-sig-formatter-1.0.11.tgz",
      "integrity": "sha1-rg8PothQRe8UqBfao86azQSJ5b8=",
      "requires": {
        "safe-buffer": "^5.0.1"
      }
    },
    "event-target-shim": {
      "version": "5.0.1",
      "resolved": "https://repo.dev.wixpress.com/artifactory/api/npm/npm-repos/event-target-shim/-/event-target-shim-5.0.1.tgz",
      "integrity": "sha1-XU0+vflYPWOlMzzi3rdICrKwV4k="
    },
    "extend": {
      "version": "3.0.2",
      "resolved": "https://repo.dev.wixpress.com/artifactory/api/npm/npm-repos/extend/-/extend-3.0.2.tgz",
      "integrity": "sha1-+LETa0Bx+9jrFAr/hYsQGewpFfo="
    },
    "fast-text-encoding": {
      "version": "1.0.3",
      "resolved": "https://repo.dev.wixpress.com/artifactory/api/npm/npm-repos/fast-text-encoding/-/fast-text-encoding-1.0.3.tgz",
      "integrity": "sha1-7AKsjgGrijGa8YLa4mgSE8/pzlM="
    },
    "gaxios": {
      "version": "4.1.0",
      "resolved": "https://repo.dev.wixpress.com/artifactory/api/npm/npm-repos/gaxios/-/gaxios-4.1.0.tgz",
      "integrity": "sha1-6K1GbbWkODxwudY7/RTfqofrAJk=",
      "requires": {
        "abort-controller": "^3.0.0",
        "extend": "^3.0.2",
        "https-proxy-agent": "^5.0.0",
        "is-stream": "^2.0.0",
        "node-fetch": "^2.3.0"
      }
    },
    "gcp-metadata": {
      "version": "4.2.1",
      "resolved": "https://repo.dev.wixpress.com/artifactory/api/npm/npm-repos/gcp-metadata/-/gcp-metadata-4.2.1.tgz",
      "integrity": "sha1-MYSfvPkCXvNMIpfDKomh5+nyzWI=",
      "requires": {
        "gaxios": "^4.0.0",
        "json-bigint": "^1.0.0"
      }
    },
    "google-auth-library": {
      "version": "6.1.3",
      "resolved": "https://repo.dev.wixpress.com/artifactory/api/npm/npm-repos/google-auth-library/-/google-auth-library-6.1.3.tgz",
      "integrity": "sha1-OdhoFAtw0MSzLG9tj0zMFADYTco=",
      "requires": {
        "arrify": "^2.0.0",
        "base64-js": "^1.3.0",
        "ecdsa-sig-formatter": "^1.0.11",
        "fast-text-encoding": "^1.0.0",
        "gaxios": "^4.0.0",
        "gcp-metadata": "^4.2.0",
        "gtoken": "^5.0.4",
        "jws": "^4.0.0",
        "lru-cache": "^6.0.0"
      }
    },
    "google-p12-pem": {
      "version": "3.0.3",
      "resolved": "https://repo.dev.wixpress.com/artifactory/api/npm/npm-repos/google-p12-pem/-/google-p12-pem-3.0.3.tgz",
      "integrity": "sha1-ZzrDp105A6h/BYePPHXgb8FRZp4=",
      "requires": {
        "node-forge": "^0.10.0"
      }
    },
    "googleapis": {
      "version": "66.0.0",
      "resolved": "https://repo.dev.wixpress.com/artifactory/api/npm/npm-repos/googleapis/-/googleapis-66.0.0.tgz",
      "integrity": "sha1-AIBi0GsTlUvToEJcF+j4OW6ISVc=",
      "requires": {
        "google-auth-library": "^6.0.0",
        "googleapis-common": "^4.4.1"
      }
    },
    "googleapis-common": {
      "version": "4.4.3",
      "resolved": "https://repo.dev.wixpress.com/artifactory/api/npm/npm-repos/googleapis-common/-/googleapis-common-4.4.3.tgz",
      "integrity": "sha1-ogY63xexRQGl9Ca5ywaFSW2DW30=",
      "requires": {
        "extend": "^3.0.2",
        "gaxios": "^4.0.0",
        "google-auth-library": "^6.0.0",
        "qs": "^6.7.0",
        "url-template": "^2.0.8",
        "uuid": "^8.0.0"
      }
    },
    "gtoken": {
      "version": "5.1.0",
      "resolved": "https://repo.dev.wixpress.com/artifactory/api/npm/npm-repos/gtoken/-/gtoken-5.1.0.tgz",
      "integrity": "sha1-S6jS/JqEWQmPdufo/Xvqo5/an+Q=",
      "requires": {
        "gaxios": "^4.0.0",
        "google-p12-pem": "^3.0.3",
        "jws": "^4.0.0",
        "mime": "^2.2.0"
      }
    },
    "https-proxy-agent": {
      "version": "5.0.0",
      "resolved": "https://repo.dev.wixpress.com/artifactory/api/npm/npm-repos/https-proxy-agent/-/https-proxy-agent-5.0.0.tgz",
      "integrity": "sha1-4qkFQqu2inYuCghQ9sntrf2FBrI=",
      "requires": {
        "agent-base": "6",
        "debug": "4"
      }
    },
    "is-stream": {
      "version": "2.0.0",
      "resolved": "https://repo.dev.wixpress.com/artifactory/api/npm/npm-repos/is-stream/-/is-stream-2.0.0.tgz",
      "integrity": "sha1-venDJoDW+uBBKdasnZIc54FfeOM="
    },
    "json-bigint": {
      "version": "1.0.0",
      "resolved": "https://repo.dev.wixpress.com/artifactory/api/npm/npm-repos/json-bigint/-/json-bigint-1.0.0.tgz",
      "integrity": "sha1-rlR4I6wMrYOYZn+M2e9HMPWwH/E=",
      "requires": {
        "bignumber.js": "^9.0.0"
      }
    },
    "jwa": {
      "version": "2.0.0",
      "resolved": "https://repo.dev.wixpress.com/artifactory/api/npm/npm-repos/jwa/-/jwa-2.0.0.tgz",
      "integrity": "sha1-p+nD8p2ulAJ+vK9Jl1yTRVk0EPw=",
      "requires": {
        "buffer-equal-constant-time": "1.0.1",
        "ecdsa-sig-formatter": "1.0.11",
        "safe-buffer": "^5.0.1"
      }
    },
    "jws": {
      "version": "4.0.0",
      "resolved": "https://repo.dev.wixpress.com/artifactory/api/npm/npm-repos/jws/-/jws-4.0.0.tgz",
      "integrity": "sha1-LU6M9qMY/6oSYV6d7H6G5slzEPQ=",
      "requires": {
        "jwa": "^2.0.0",
        "safe-buffer": "^5.0.1"
      }
    },
    "lru-cache": {
      "version": "6.0.0",
      "resolved": "https://repo.dev.wixpress.com/artifactory/api/npm/npm-repos/lru-cache/-/lru-cache-6.0.0.tgz",
      "integrity": "sha1-bW/mVw69lqr5D8rR2vo7JWbbOpQ=",
      "requires": {
        "yallist": "^4.0.0"
      }
    },
    "mime": {
      "version": "2.4.7",
      "resolved": "https://repo.dev.wixpress.com/artifactory/api/npm/npm-repos/mime/-/mime-2.4.7.tgz",
      "integrity": "sha1-lirtm+DtGckf19wuzl1/TompDXQ="
    },
    "ms": {
      "version": "2.1.2",
      "resolved": "https://repo.dev.wixpress.com/artifactory/api/npm/npm-repos/ms/-/ms-2.1.2.tgz",
      "integrity": "sha1-0J0fNXtEP0kzgqjrPM0YOHKuYAk="
    },
    "node-fetch": {
      "version": "2.6.1",
      "resolved": "https://repo.dev.wixpress.com/artifactory/api/npm/npm-repos/node-fetch/-/node-fetch-2.6.1.tgz",
      "integrity": "sha1-BFvTI2Mfdu0uK1VXM5RBa2OaAFI="
    },
    "node-forge": {
      "version": "0.10.0",
      "resolved": "https://repo.dev.wixpress.com/artifactory/api/npm/npm-repos/node-forge/-/node-forge-0.10.0.tgz",
      "integrity": "sha1-Mt6ir7Ppkm8C7lzoeUkCaRpna/M="
    },
    "qs": {
      "version": "6.9.4",
      "resolved": "https://repo.dev.wixpress.com/artifactory/api/npm/npm-repos/qs/-/qs-6.9.4.tgz",
      "integrity": "sha1-kJCykNH5FyjTwi5UhDykSupatoc="
    },
    "safe-buffer": {
      "version": "5.2.1",
      "resolved": "https://repo.dev.wixpress.com/artifactory/api/npm/npm-repos/safe-buffer/-/safe-buffer-5.2.1.tgz",
      "integrity": "sha1-Hq+fqb2x/dTsdfWPnNtOa3gn7sY="
    },
    "url-template": {
      "version": "2.0.8",
      "resolved": "https://repo.dev.wixpress.com/artifactory/api/npm/npm-repos/url-template/-/url-template-2.0.8.tgz",
      "integrity": "sha1-/FZaPMy/93MMd19WQflVV5FDnyE="
    },
    "uuid": {
      "version": "8.3.2",
      "resolved": "https://repo.dev.wixpress.com/artifactory/api/npm/npm-repos/uuid/-/uuid-8.3.2.tgz",
      "integrity": "sha1-gNW1ztJxu5r2xEXyGhoExgbO++I="
    },
    "yallist": {
      "version": "4.0.0",
      "resolved": "https://repo.dev.wixpress.com/artifactory/api/npm/npm-repos/yallist/-/yallist-4.0.0.tgz",
      "integrity": "sha1-m7knkNnA7/7GO+c1GeEaNQGaOnI="
    }
  }
}
